
Microsoft Visual Studio Solution File, Format Version 12.00
# Visual Studio 15
VisualStudioVersion = 15.0.27428.2043
MinimumVisualStudioVersion = 10.0.40219.1
Project("{FAE04EC0-301F-11D3-BF4B-00C04F79EFBC}") = "LBeaconLaserPointer", "LBeaconLaserPointer\LBeaconLaserPointer.csproj", "{7795A9E6-D5A1-4C15-8A5B-BB5331892884}"
EndProject
Project("{FAE04EC0-301F-11D3-BF4B-00C04F79EFBC}") = "LaserPointerServer", "LaserPointerServer\LaserPointerServer.csproj", "{AAE94894-7FD1-4686-85F5-8C0F5A091947}"
EndProject
Project("{FAE04EC0-301F-11D3-BF4B-00C04F79EFBC}") = "GeoCoordinatePortable", "GeoCoordinatePortable\GeoCoordinatePortable.csproj", "{3F8D76E7-1AF6-40F5-960F-13C4DFA80935}"
EndProject
Project("{FAE04EC0-301F-11D3-BF4B-00C04F79EFBC}") = "LLP_API", "LLP_API\LLP_API.csproj", "{744773FC-D634-4598-BF64-E1CA07170F34}"
EndProject
Global
	GlobalSection(SolutionConfigurationPlatforms) = preSolution
		Debug|Any CPU = Debug|Any CPU
		Debug|ARM = Debug|ARM
		Debug|x64 = Debug|x64
		Debug|x86 = Debug|x86
		Release|Any CPU = Release|Any CPU
		Release|ARM = Release|ARM
		Release|x64 = Release|x64
		Release|x86 = Release|x86
	EndGlobalSection
	GlobalSection(ProjectConfigurationPlatforms) = postSolution
		{7795A9E6-D5A1-4C15-8A5B-BB5331892884}.Debug|Any CPU.ActiveCfg = Debug|x86
		{7795A9E6-D5A1-4C15-8A5B-BB5331892884}.Debug|ARM.ActiveCfg = Debug|ARM
		{7795A9E6-D5A1-4C15-8A5B-BB5331892884}.Debug|ARM.Build.0 = Debug|ARM
		{7795A9E6-D5A1-4C15-8A5B-BB5331892884}.Debug|ARM.Deploy.0 = Debug|ARM
		{7795A9E6-D5A1-4C15-8A5B-BB5331892884}.Debug|x64.ActiveCfg = Debug|x64
		{7795A9E6-D5A1-4C15-8A5B-BB5331892884}.Debug|x64.Build.0 = Debug|x64
		{7795A9E6-D5A1-4C15-8A5B-BB5331892884}.Debug|x64.Deploy.0 = Debug|x64
		{7795A9E6-D5A1-4C15-8A5B-BB5331892884}.Debug|x86.ActiveCfg = Debug|x86
		{7795A9E6-D5A1-4C15-8A5B-BB5331892884}.Debug|x86.Build.0 = Debug|x86
		{7795A9E6-D5A1-4C15-8A5B-BB5331892884}.Debug|x86.Deploy.0 = Debug|x86
		{7795A9E6-D5A1-4C15-8A5B-BB5331892884}.Release|Any CPU.ActiveCfg = Release|x86
		{7795A9E6-D5A1-4C15-8A5B-BB5331892884}.Release|ARM.ActiveCfg = Release|ARM
		{7795A9E6-D5A1-4C15-8A5B-BB5331892884}.Release|ARM.Build.0 = Release|ARM
		{7795A9E6-D5A1-4C15-8A5B-BB5331892884}.Release|ARM.Deploy.0 = Release|ARM
		{7795A9E6-D5A1-4C15-8A5B-BB5331892884}.Release|x64.ActiveCfg = Release|x64
		{7795A9E6-D5A1-4C15-8A5B-BB5331892884}.Release|x64.Build.0 = Release|x64
		{7795A9E6-D5A1-4C15-8A5B-BB5331892884}.Release|x64.Deploy.0 = Release|x64
		{7795A9E6-D5A1-4C15-8A5B-BB5331892884}.Release|x86.ActiveCfg = Release|x86
		{7795A9E6-D5A1-4C15-8A5B-BB5331892884}.Release|x86.Build.0 = Release|x86
		{7795A9E6-D5A1-4C15-8A5B-BB5331892884}.Release|x86.Deploy.0 = Release|x86
		{AAE94894-7FD1-4686-85F5-8C0F5A091947}.Debug|Any CPU.ActiveCfg = Debug|Any CPU
		{AAE94894-7FD1-4686-85F5-8C0F5A091947}.Debug|Any CPU.Build.0 = Debug|Any CPU
		{AAE94894-7FD1-4686-85F5-8C0F5A091947}.Debug|ARM.ActiveCfg = Debug|Any CPU
		{AAE94894-7FD1-4686-85F5-8C0F5A091947}.Debug|ARM.Build.0 = Debug|Any CPU
		{AAE94894-7FD1-4686-85F5-8C0F5A091947}.Debug|x64.ActiveCfg = Debug|Any CPU
		{AAE94894-7FD1-4686-85F5-8C0F5A091947}.Debug|x64.Build.0 = Debug|Any CPU
		{AAE94894-7FD1-4686-85F5-8C0F5A091947}.Debug|x86.ActiveCfg = Debug|Any CPU
		{AAE94894-7FD1-4686-85F5-8C0F5A091947}.Debug|x86.Build.0 = Debug|Any CPU
		{AAE94894-7FD1-4686-85F5-8C0F5A091947}.Release|Any CPU.ActiveCfg = Release|Any CPU
		{AAE94894-7FD1-4686-85F5-8C0F5A091947}.Release|Any CPU.Build.0 = Release|Any CPU
		{AAE94894-7FD1-4686-85F5-8C0F5A091947}.Release|ARM.ActiveCfg = Release|Any CPU
		{AAE94894-7FD1-4686-85F5-8C0F5A091947}.Release|ARM.Build.0 = Release|Any CPU
		{AAE94894-7FD1-4686-85F5-8C0F5A091947}.Release|x64.ActiveCfg = Release|Any CPU
		{AAE94894-7FD1-4686-85F5-8C0F5A091947}.Release|x64.Build.0 = Release|Any CPU
		{AAE94894-7FD1-4686-85F5-8C0F5A091947}.Release|x86.ActiveCfg = Release|Any CPU
		{AAE94894-7FD1-4686-85F5-8C0F5A091947}.Release|x86.Build.0 = Release|Any CPU
		{3F8D76E7-1AF6-40F5-960F-13C4DFA80935}.Debug|Any CPU.ActiveCfg = Debug|Any CPU
		{3F8D76E7-1AF6-40F5-960F-13C4DFA80935}.Debug|Any CPU.Build.0 = Debug|Any CPU
		{3F8D76E7-1AF6-40F5-960F-13C4DFA80935}.Debug|ARM.ActiveCfg = Debug|Any CPU
		{3F8D76E7-1AF6-40F5-960F-13C4DFA80935}.Debug|ARM.Build.0 = Debug|Any CPU
		{3F8D76E7-1AF6-40F5-960F-13C4DFA80935}.Debug|x64.ActiveCfg = Debug|Any CPU
		{3F8D76E7-1AF6-40F5-960F-13C4DFA80935}.Debug|x64.Build.0 = Debug|Any CPU
		{3F8D76E7-1AF6-40F5-960F-13C4DFA80935}.Debug|x86.ActiveCfg = Debug|Any CPU
		{3F8D76E7-1AF6-40F5-960F-13C4DFA80935}.Debug|x86.Build.0 = Debug|Any CPU
		{3F8D76E7-1AF6-40F5-960F-13C4DFA80935}.Release|Any CPU.ActiveCfg = Release|Any CPU
		{3F8D76E7-1AF6-40F5-960F-13C4DFA80935}.Release|Any CPU.Build.0 = Release|Any CPU
		{3F8D76E7-1AF6-40F5-960F-13C4DFA80935}.Release|ARM.ActiveCfg = Release|Any CPU
		{3F8D76E7-1AF6-40F5-960F-13C4DFA80935}.Release|ARM.Build.0 = Release|Any CPU
		{3F8D76E7-1AF6-40F5-960F-13C4DFA80935}.Release|x64.ActiveCfg = Release|Any CPU
		{3F8D76E7-1AF6-40F5-960F-13C4DFA80935}.Release|x64.Build.0 = Release|Any CPU
		{3F8D76E7-1AF6-40F5-960F-13C4DFA80935}.Release|x86.ActiveCfg = Release|Any CPU
		{3F8D76E7-1AF6-40F5-960F-13C4DFA80935}.Release|x86.Build.0 = Release|Any CPU
		{744773FC-D634-4598-BF64-E1CA07170F34}.Debug|Any CPU.ActiveCfg = Debug|Any CPU
		{744773FC-D634-4598-BF64-E1CA07170F34}.Debug|Any CPU.Build.0 = Debug|Any CPU
		{744773FC-D634-4598-BF64-E1CA07170F34}.Debug|ARM.ActiveCfg = Debug|Any CPU
		{744773FC-D634-4598-BF64-E1CA07170F34}.Debug|ARM.Build.0 = Debug|Any CPU
		{744773FC-D634-4598-BF64-E1CA07170F34}.Debug|x64.ActiveCfg = Debug|Any CPU
		{744773FC-D634-4598-BF64-E1CA07170F34}.Debug|x64.Build.0 = Debug|Any CPU
		{744773FC-D634-4598-BF64-E1CA07170F34}.Debug|x86.ActiveCfg = Debug|Any CPU
		{744773FC-D634-4598-BF64-E1CA07170F34}.Debug|x86.Build.0 = Debug|Any CPU
		{744773FC-D634-4598-BF64-E1CA07170F34}.Release|Any CPU.ActiveCfg = Release|Any CPU
		{744773FC-D634-4598-BF64-E1CA07170F34}.Release|Any CPU.Build.0 = Release|Any CPU
		{744773FC-D634-4598-BF64-E1CA07170F34}.Release|ARM.ActiveCfg = Release|Any CPU
		{744773FC-D634-4598-BF64-E1CA07170F34}.Release|ARM.Build.0 = Release|Any CPU
		{744773FC-D634-4598-BF64-E1CA07170F34}.Release|x64.ActiveCfg = Release|Any CPU
		{744773FC-D634-4598-BF64-E1CA07170F34}.Release|x64.Build.0 = Release|Any CPU
		{744773FC-D634-4598-BF64-E1CA07170F34}.Release|x86.ActiveCfg = Release|Any CPU
		{744773FC-D634-4598-BF64-E1CA07170F34}.Release|x86.Build.0 = Release|Any CPU
	EndGlobalSection
	GlobalSection(SolutionProperties) = preSolution
		HideSolutionNode = FALSE
	EndGlobalSection
	GlobalSection(ExtensibilityGlobals) = postSolution
		SolutionGuid = {8F28B2ED-8E4A-4C0A-AE4A-54E4A1E0640C}
	EndGlobalSection
EndGlobal
